{
  "lockfile_version": "1",
  "packages": {
    "github:NixOS/nixpkgs/nixpkgs-unstable": {
      "last_modified": "2026-02-24T08:56:33Z",
      "resolved": "github:NixOS/nixpkgs/ea7f1f06811ce7fcc81d6c6fd4213150c23edcf2?lastModified=1771923393"
    },
    "k3d@latest": {
      "last_modified": "2026-01-23T17:20:52Z",
      "resolved": "github:NixOS/nixpkgs/a1bab9e494f5f4939442a57a58d0449a109593fe#k3d",
      "source": "devbox-search",
      "version": "5.8.3",
      "systems": {
        "aarch64-darwin": {
          "outputs": [
            {
              "name": "out",
              "path": "/nix/store/f519wirgvncax63sbdyhhszb12yg2q5f-k3d-5.8.3",
              "default": true
            }
          ],
          "store_path": "/nix/store/f519wirgvncax63sbdyhhszb12yg2q5f-k3d-5.8.3"
        },
        "aarch64-linux": {
          "outputs": [
            {
              "name": "out",
              "path": "/nix/store/drjdg7h1i8dy3cazmphqqw3a6mzpz3x7-k3d-5.8.3",
              "default": true
            }
          ],
          "store_path": "/nix/store/drjdg7h1i8dy3cazmphqqw3a6mzpz3x7-k3d-5.8.3"
        },
        "x86_64-darwin": {
          "outputs": [
            {
              "name": "out",
              "path": "/nix/store/6mfk7j974c8wlqx23ciqqkk7xdzqgwfy-k3d-5.8.3",
              "default": true
            }
          ],
          "store_path": "/nix/store/6mfk7j974c8wlqx23ciqqkk7xdzqgwfy-k3d-5.8.3"
        },
        "x86_64-linux": {
          "outputs": [
            {
              "name": "out",
              "path": "/nix/store/285cbi1ydcgv0g9f1ygzhfl0sblsb4ni-k3d-5.8.3",
              "default": true
            }
          ],
          "store_path": "/nix/store/285cbi1ydcgv0g9f1ygzhfl0sblsb4ni-k3d-5.8.3"
        }
      }
    }
  }
}
